
Microsoft Visual Studio Solution File, Format Version 12.00
# Visual Studio Version 17
VisualStudioVersion = 17.0.31903.59
MinimumVisualStudioVersion = 10.0.40219.1
Project("{2150E333-8FDC-42A3-9474-1A3956D46DE8}") = "src", "src", "{7737D30A-CAD1-4A14-BD92-9992901090AA}"
EndProject
Project("{FAE04EC0-301F-11D3-BF4B-00C04F79EFBC}") = "AuctionService", "src\AuctionService\AuctionService.csproj", "{5E1C0942-82A5-438B-B82A-D011B5A06842}"
EndProject
Project("{FAE04EC0-301F-11D3-BF4B-00C04F79EFBC}") = "SearchService", "src\SearchService\SearchService.csproj", "{79753146-4BEC-4FE9-AEF8-521B9EC9D9A9}"
EndProject
Project("{FAE04EC0-301F-11D3-BF4B-00C04F79EFBC}") = "Contracts", "src\Contracts\Contracts.csproj", "{B434D4B6-6ED4-43C7-90F3-04D729BE1970}"
EndProject
Global
	GlobalSection(SolutionConfigurationPlatforms) = preSolution
		Debug|Any CPU = Debug|Any CPU
		Release|Any CPU = Release|Any CPU
	EndGlobalSection
	GlobalSection(SolutionProperties) = preSolution
		HideSolutionNode = FALSE
	EndGlobalSection
	GlobalSection(ProjectConfigurationPlatforms) = postSolution
		{5E1C0942-82A5-438B-B82A-D011B5A06842}.Debug|Any CPU.ActiveCfg = Debug|Any CPU
		{5E1C0942-82A5-438B-B82A-D011B5A06842}.Debug|Any CPU.Build.0 = Debug|Any CPU
		{5E1C0942-82A5-438B-B82A-D011B5A06842}.Release|Any CPU.ActiveCfg = Release|Any CPU
		{5E1C0942-82A5-438B-B82A-D011B5A06842}.Release|Any CPU.Build.0 = Release|Any CPU
		{79753146-4BEC-4FE9-AEF8-521B9EC9D9A9}.Debug|Any CPU.ActiveCfg = Debug|Any CPU
		{79753146-4BEC-4FE9-AEF8-521B9EC9D9A9}.Debug|Any CPU.Build.0 = Debug|Any CPU
		{79753146-4BEC-4FE9-AEF8-521B9EC9D9A9}.Release|Any CPU.ActiveCfg = Release|Any CPU
		{79753146-4BEC-4FE9-AEF8-521B9EC9D9A9}.Release|Any CPU.Build.0 = Release|Any CPU
		{B434D4B6-6ED4-43C7-90F3-04D729BE1970}.Debug|Any CPU.ActiveCfg = Debug|Any CPU
		{B434D4B6-6ED4-43C7-90F3-04D729BE1970}.Debug|Any CPU.Build.0 = Debug|Any CPU
		{B434D4B6-6ED4-43C7-90F3-04D729BE1970}.Release|Any CPU.ActiveCfg = Release|Any CPU
		{B434D4B6-6ED4-43C7-90F3-04D729BE1970}.Release|Any CPU.Build.0 = Release|Any CPU
	EndGlobalSection
	GlobalSection(NestedProjects) = preSolution
		{5E1C0942-82A5-438B-B82A-D011B5A06842} = {7737D30A-CAD1-4A14-BD92-9992901090AA}
		{79753146-4BEC-4FE9-AEF8-521B9EC9D9A9} = {7737D30A-CAD1-4A14-BD92-9992901090AA}
		{B434D4B6-6ED4-43C7-90F3-04D729BE1970} = {7737D30A-CAD1-4A14-BD92-9992901090AA}
	EndGlobalSection
EndGlobal
